
Microsoft Visual Studio Solution File, Format Version 12.00
# Visual Studio Version 17
VisualStudioVersion = 17.11.35222.181
MinimumVisualStudioVersion = 10.0.40219.1
Project("{9A19103F-16F7-4668-BE54-9A1E7A4F7556}") = "PRN222.Assignment1", "PRN222.Assignment1.csproj", "{F7E469CE-2061-43BE-AD42-FA1F743963D2}"
EndProject
Project("{9A19103F-16F7-4668-BE54-9A1E7A4F7556}") = "PRN222.Assignment1.Data", "..\PRN222.Assignment1.Data\PRN222.Assignment1.Data.csproj", "{252B1227-7DF4-4A47-A42E-3FAD6D735174}"
EndProject
Project("{9A19103F-16F7-4668-BE54-9A1E7A4F7556}") = "PRN222.Assignment1.Business", "..\PRN222.Assignment1.Business\PRN222.Assignment1.Business.csproj", "{0187C18E-1742-445A-86AE-A53D4054BBDB}"
EndProject
Global
	GlobalSection(SolutionConfigurationPlatforms) = preSolution
		Debug|Any CPU = Debug|Any CPU
		Release|Any CPU = Release|Any CPU
	EndGlobalSection
	GlobalSection(ProjectConfigurationPlatforms) = postSolution
		{F7E469CE-2061-43BE-AD42-FA1F743963D2}.Debug|Any CPU.ActiveCfg = Debug|Any CPU
		{F7E469CE-2061-43BE-AD42-FA1F743963D2}.Debug|Any CPU.Build.0 = Debug|Any CPU
		{F7E469CE-2061-43BE-AD42-FA1F743963D2}.Release|Any CPU.ActiveCfg = Release|Any CPU
		{F7E469CE-2061-43BE-AD42-FA1F743963D2}.Release|Any CPU.Build.0 = Release|Any CPU
		{252B1227-7DF4-4A47-A42E-3FAD6D735174}.Debug|Any CPU.ActiveCfg = Debug|Any CPU
		{252B1227-7DF4-4A47-A42E-3FAD6D735174}.Debug|Any CPU.Build.0 = Debug|Any CPU
		{252B1227-7DF4-4A47-A42E-3FAD6D735174}.Release|Any CPU.ActiveCfg = Release|Any CPU
		{252B1227-7DF4-4A47-A42E-3FAD6D735174}.Release|Any CPU.Build.0 = Release|Any CPU
		{0187C18E-1742-445A-86AE-A53D4054BBDB}.Debug|Any CPU.ActiveCfg = Debug|Any CPU
		{0187C18E-1742-445A-86AE-A53D4054BBDB}.Debug|Any CPU.Build.0 = Debug|Any CPU
		{0187C18E-1742-445A-86AE-A53D4054BBDB}.Release|Any CPU.ActiveCfg = Release|Any CPU
		{0187C18E-1742-445A-86AE-A53D4054BBDB}.Release|Any CPU.Build.0 = Release|Any CPU
	EndGlobalSection
	GlobalSection(SolutionProperties) = preSolution
		HideSolutionNode = FALSE
	EndGlobalSection
	GlobalSection(ExtensibilityGlobals) = postSolution
		SolutionGuid = {39F9462A-CCF4-45CF-9B7D-9957215A6DF6}
	EndGlobalSection
EndGlobal
